// !$*UTF8*$!
{
	archiveVersion = 1;
	classes = {
	};
	objectVersion = 55;
	objects = {

/* Begin PBXBuildFile section */
		F65633AD27D7E2270004EE76 /* AppDelegate.swift in Sources */ = {isa = PBXBuildFile; fileRef = F65633AC27D7E2270004EE76 /* AppDelegate.swift */; };
		F65633B627D7E2290004EE76 /* Assets.xcassets in Resources */ = {isa = PBXBuildFile; fileRef = F65633B527D7E2290004EE76 /* Assets.xcassets */; };
		F65633B927D7E2290004EE76 /* LaunchScreen.storyboard in Resources */ = {isa = PBXBuildFile; fileRef = F65633B727D7E2290004EE76 /* LaunchScreen.storyboard */; };
		F65633C427D7E5330004EE76 /* UnitTestViewController.swift in Sources */ = {isa = PBXBuildFile; fileRef = F65633C227D7E5330004EE76 /* UnitTestViewController.swift */; };
		F65633C527D7E5330004EE76 /* UnitTestViewController.xib in Resources */ = {isa = PBXBuildFile; fileRef = F65633C327D7E5330004EE76 /* UnitTestViewController.xib */; };
		F65633C727D7E5560004EE76 /* UnitTestCoordinator.swift in Sources */ = {isa = PBXBuildFile; fileRef = F65633C627D7E5560004EE76 /* UnitTestCoordinator.swift */; };
		F65633C927D7E6670004EE76 /* UnitTestPresenter.swift in Sources */ = {isa = PBXBuildFile; fileRef = F65633C827D7E6670004EE76 /* UnitTestPresenter.swift */; };
		F65633CB27D7E70B0004EE76 /* AppCoreCoordinator.swift in Sources */ = {isa = PBXBuildFile; fileRef = F65633CA27D7E70B0004EE76 /* AppCoreCoordinator.swift */; };
		F65633D327D7ECC90004EE76 /* UniTestCiceBootcamp2022Tests.swift in Sources */ = {isa = PBXBuildFile; fileRef = F65633D227D7ECC90004EE76 /* UniTestCiceBootcamp2022Tests.swift */; };
		F65633DB27D7EEAB0004EE76 /* UnitTestPresenterTests.swift in Sources */ = {isa = PBXBuildFile; fileRef = F65633DA27D7EEAB0004EE76 /* UnitTestPresenterTests.swift */; };
/* End PBXBuildFile section */

/* Begin PBXContainerItemProxy section */
		F65633D427D7ECC90004EE76 /* PBXContainerItemProxy */ = {
			isa = PBXContainerItemProxy;
			containerPortal = F65633A127D7E2270004EE76 /* Project object */;
			proxyType = 1;
			remoteGlobalIDString = F65633A827D7E2270004EE76;
			remoteInfo = UniTestCiceBootcamp2022;
		};
/* End PBXContainerItemProxy section */

/* Begin PBXFileReference section */
		F65633A927D7E2270004EE76 /* UniTestCiceBootcamp2022.app */ = {isa = PBXFileReference; explicitFileType = wrapper.application; includeInIndex = 0; path = UniTestCiceBootcamp2022.app; sourceTree = BUILT_PRODUCTS_DIR; };
		F65633AC27D7E2270004EE76 /* AppDelegate.swift */ = {isa = PBXFileReference; lastKnownFileType = sourcecode.swift; path = AppDelegate.swift; sourceTree = "<group>"; };
		F65633B527D7E2290004EE76 /* Assets.xcassets */ = {isa = PBXFileReference; lastKnownFileType = folder.assetcatalog; path = Assets.xcassets; sourceTree = "<group>"; };
		F65633B827D7E2290004EE76 /* Base */ = {isa = PBXFileReference; lastKnownFileType = file.storyboard; name = Base; path = Base.lproj/LaunchScreen.storyboard; sourceTree = "<group>"; };
		F65633BA27D7E2290004EE76 /* Info.plist */ = {isa = PBXFileReference; lastKnownFileType = text.plist.xml; path = Info.plist; sourceTree = "<group>"; };
		F65633C227D7E5330004EE76 /* UnitTestViewController.swift */ = {isa = PBXFileReference; lastKnownFileType = sourcecode.swift; path = UnitTestViewController.swift; sourceTree = "<group>"; };
		F65633C327D7E5330004EE76 /* UnitTestViewController.xib */ = {isa = PBXFileReference; lastKnownFileType = file.xib; path = UnitTestViewController.xib; sourceTree = "<group>"; };
		F65633C627D7E5560004EE76 /* UnitTestCoordinator.swift */ = {isa = PBXFileReference; lastKnownFileType = sourcecode.swift; path = UnitTestCoordinator.swift; sourceTree = "<group>"; };
		F65633C827D7E6670004EE76 /* UnitTestPresenter.swift */ = {isa = PBXFileReference; lastKnownFileType = sourcecode.swift; path = UnitTestPresenter.swift; sourceTree = "<group>"; };
		F65633CA27D7E70B0004EE76 /* AppCoreCoordinator.swift */ = {isa = PBXFileReference; lastKnownFileType = sourcecode.swift; path = AppCoreCoordinator.swift; sourceTree = "<group>"; };
		F65633D027D7ECC90004EE76 /* UniTestCiceBootcamp2022Tests.xctest */ = {isa = PBXFileReference; explicitFileType = wrapper.cfbundle; includeInIndex = 0; path = UniTestCiceBootcamp2022Tests.xctest; sourceTree = BUILT_PRODUCTS_DIR; };
		F65633D227D7ECC90004EE76 /* UniTestCiceBootcamp2022Tests.swift */ = {isa = PBXFileReference; lastKnownFileType = sourcecode.swift; path = UniTestCiceBootcamp2022Tests.swift; sourceTree = "<group>"; };
		F65633DA27D7EEAB0004EE76 /* UnitTestPresenterTests.swift */ = {isa = PBXFileReference; lastKnownFileType = sourcecode.swift; path = UnitTestPresenterTests.swift; sourceTree = "<group>"; };
/* End PBXFileReference section */

/* Begin PBXFrameworksBuildPhase section */
		F65633A627D7E2270004EE76 /* Frameworks */ = {
			isa = PBXFrameworksBuildPhase;
			buildActionMask = 2147483647;
			files = (
			);
			runOnlyForDeploymentPostprocessing = 0;
		};
		F65633CD27D7ECC90004EE76 /* Frameworks */ = {
			isa = PBXFrameworksBuildPhase;
			buildActionMask = 2147483647;
			files = (
			);
			runOnlyForDeploymentPostprocessing = 0;
		};
/* End PBXFrameworksBuildPhase section */

/* Begin PBXGroup section */
		F65633A027D7E2270004EE76 = {
			isa = PBXGroup;
			children = (
				F65633AB27D7E2270004EE76 /* UniTestCiceBootcamp2022 */,
				F65633D127D7ECC90004EE76 /* UniTestCiceBootcamp2022Tests */,
				F65633AA27D7E2270004EE76 /* Products */,
			);
			sourceTree = "<group>";
		};
		F65633AA27D7E2270004EE76 /* Products */ = {
			isa = PBXGroup;
			children = (
				F65633A927D7E2270004EE76 /* UniTestCiceBootcamp2022.app */,
				F65633D027D7ECC90004EE76 /* UniTestCiceBootcamp2022Tests.xctest */,
			);
			name = Products;
			sourceTree = "<group>";
		};
		F65633AB27D7E2270004EE76 /* UniTestCiceBootcamp2022 */ = {
			isa = PBXGroup;
			children = (
				F65633C127D7E5190004EE76 /* UnitTestView */,
				F65633C027D7E4AA0004EE76 /* CoreApp */,
				F65633B527D7E2290004EE76 /* Assets.xcassets */,
				F65633B727D7E2290004EE76 /* LaunchScreen.storyboard */,
				F65633BA27D7E2290004EE76 /* Info.plist */,
			);
			path = UniTestCiceBootcamp2022;
			sourceTree = "<group>";
		};
		F65633C027D7E4AA0004EE76 /* CoreApp */ = {
			isa = PBXGroup;
			children = (
				F65633AC27D7E2270004EE76 /* AppDelegate.swift */,
				F65633CA27D7E70B0004EE76 /* AppCoreCoordinator.swift */,
			);
			path = CoreApp;
			sourceTree = "<group>";
		};
		F65633C127D7E5190004EE76 /* UnitTestView */ = {
			isa = PBXGroup;
			children = (
				F65633C227D7E5330004EE76 /* UnitTestViewController.swift */,
				F65633C327D7E5330004EE76 /* UnitTestViewController.xib */,
				F65633C627D7E5560004EE76 /* UnitTestCoordinator.swift */,
				F65633C827D7E6670004EE76 /* UnitTestPresenter.swift */,
			);
			path = UnitTestView;
			sourceTree = "<group>";
		};
		F65633D127D7ECC90004EE76 /* UniTestCiceBootcamp2022Tests */ = {
			isa = PBXGroup;
			children = (
				F65633D927D7EE430004EE76 /* UnitTestView */,
				F65633D227D7ECC90004EE76 /* UniTestCiceBootcamp2022Tests.swift */,
			);
			path = UniTestCiceBootcamp2022Tests;
			sourceTree = "<group>";
		};
		F65633D927D7EE430004EE76 /* UnitTestView */ = {
			isa = PBXGroup;
			children = (
				F65633DA27D7EEAB0004EE76 /* UnitTestPresenterTests.swift */,
			);
			path = UnitTestView;
			sourceTree = "<group>";
		};
/* End PBXGroup section */

/* Begin PBXNativeTarget section */
		F65633A827D7E2270004EE76 /* UniTestCiceBootcamp2022 */ = {
			isa = PBXNativeTarget;
			buildConfigurationList = F65633BD27D7E2290004EE76 /* Build configuration list for PBXNativeTarget "UniTestCiceBootcamp2022" */;
			buildPhases = (
				F65633A527D7E2270004EE76 /* Sources */,
				F65633A627D7E2270004EE76 /* Frameworks */,
				F65633A727D7E2270004EE76 /* Resources */,
			);
			buildRules = (
			);
			dependencies = (
			);
			name = UniTestCiceBootcamp2022;
			productName = UniTestCiceBootcamp2022;
			productReference = F65633A927D7E2270004EE76 /* UniTestCiceBootcamp2022.app */;
			productType = "com.apple.product-type.application";
		};
		F65633CF27D7ECC90004EE76 /* UniTestCiceBootcamp2022Tests */ = {
			isa = PBXNativeTarget;
			buildConfigurationList = F65633D627D7ECC90004EE76 /* Build configuration list for PBXNativeTarget "UniTestCiceBootcamp2022Tests" */;
			buildPhases = (
				F65633CC27D7ECC90004EE76 /* Sources */,
				F65633CD27D7ECC90004EE76 /* Frameworks */,
				F65633CE27D7ECC90004EE76 /* Resources */,
			);
			buildRules = (
			);
			dependencies = (
				F65633D527D7ECC90004EE76 /* PBXTargetDependency */,
			);
			name = UniTestCiceBootcamp2022Tests;
			productName = UniTestCiceBootcamp2022Tests;
			productReference = F65633D027D7ECC90004EE76 /* UniTestCiceBootcamp2022Tests.xctest */;
			productType = "com.apple.product-type.bundle.unit-test";
		};
/* End PBXNativeTarget section */

/* Begin PBXProject section */
		F65633A127D7E2270004EE76 /* Project object */ = {
			isa = PBXProject;
			attributes = {
				BuildIndependentTargetsInParallel = 1;
				LastSwiftUpdateCheck = 1320;
				LastUpgradeCheck = 1320;
				TargetAttributes = {
					F65633A827D7E2270004EE76 = {
						CreatedOnToolsVersion = 13.2.1;
					};
					F65633CF27D7ECC90004EE76 = {
						CreatedOnToolsVersion = 13.2.1;
						TestTargetID = F65633A827D7E2270004EE76;
					};
				};
			};
			buildConfigurationList = F65633A427D7E2270004EE76 /* Build configuration list for PBXProject "UniTestCiceBootcamp2022" */;
			compatibilityVersion = "Xcode 13.0";
			developmentRegion = en;
			hasScannedForEncodings = 0;
			knownRegions = (
				en,
				Base,
			);
			mainGroup = F65633A027D7E2270004EE76;
			productRefGroup = F65633AA27D7E2270004EE76 /* Products */;
			projectDirPath = "";
			projectRoot = "";
			targets = (
				F65633A827D7E2270004EE76 /* UniTestCiceBootcamp2022 */,
				F65633CF27D7ECC90004EE76 /* UniTestCiceBootcamp2022Tests */,
			);
		};
/* End PBXProject section */

/* Begin PBXResourcesBuildPhase section */
		F65633A727D7E2270004EE76 /* Resources */ = {
			isa = PBXResourcesBuildPhase;
			buildActionMask = 2147483647;
			files = (
				F65633C527D7E5330004EE76 /* UnitTestViewController.xib in Resources */,
				F65633B927D7E2290004EE76 /* LaunchScreen.storyboard in Resources */,
				F65633B627D7E2290004EE76 /* Assets.xcassets in Resources */,
			);
			runOnlyForDeploymentPostprocessing = 0;
		};
		F65633CE27D7ECC90004EE76 /* Resources */ = {
			isa = PBXResourcesBuildPhase;
			buildActionMask = 2147483647;
			files = (
			);
			runOnlyForDeploymentPostprocessing = 0;
		};
/* End PBXResourcesBuildPhase section */

/* Begin PBXSourcesBuildPhase section */
		F65633A527D7E2270004EE76 /* Sources */ = {
			isa = PBXSourcesBuildPhase;
			buildActionMask = 2147483647;
			files = (
				F65633C727D7E5560004EE76 /* UnitTestCoordinator.swift in Sources */,
				F65633CB27D7E70B0004EE76 /* AppCoreCoordinator.swift in Sources */,
				F65633C427D7E5330004EE76 /* UnitTestViewController.swift in Sources */,
				F65633C927D7E6670004EE76 /* UnitTestPresenter.swift in Sources */,
				F65633AD27D7E2270004EE76 /* AppDelegate.swift in Sources */,
			);
			runOnlyForDeploymentPostprocessing = 0;
		};
		F65633CC27D7ECC90004EE76 /* Sources */ = {
			isa = PBXSourcesBuildPhase;
			buildActionMask = 2147483647;
			files = (
				F65633DB27D7EEAB0004EE76 /* UnitTestPresenterTests.swift in Sources */,
				F65633D327D7ECC90004EE76 /* UniTestCiceBootcamp2022Tests.swift in Sources */,
			);
			runOnlyForDeploymentPostprocessing = 0;
		};
/* End PBXSourcesBuildPhase section */

/* Begin PBXTargetDependency section */
		F65633D527D7ECC90004EE76 /* PBXTargetDependency */ = {
			isa = PBXTargetDependency;
			target = F65633A827D7E2270004EE76 /* UniTestCiceBootcamp2022 */;
			targetProxy = F65633D427D7ECC90004EE76 /* PBXContainerItemProxy */;
		};
/* End PBXTargetDependency section */

/* Begin PBXVariantGroup section */
		F65633B727D7E2290004EE76 /* LaunchScreen.storyboard */ = {
			isa = PBXVariantGroup;
			children = (
				F65633B827D7E2290004EE76 /* Base */,
			);
			name = LaunchScreen.storyboard;
			sourceTree = "<group>";
		};
/* End PBXVariantGroup section */

/* Begin XCBuildConfiguration section */
		F65633BB27D7E2290004EE76 /* Debug */ = {
			isa = XCBuildConfiguration;
			buildSettings = {
				ALWAYS_SEARCH_USER_PATHS = NO;
				CLANG_ANALYZER_NONNULL = YES;
				CLANG_ANALYZER_NUMBER_OBJECT_CONVERSION = YES_AGGRESSIVE;
				CLANG_CXX_LANGUAGE_STANDARD = "gnu++17";
				CLANG_CXX_LIBRARY = "libc++";
				CLANG_ENABLE_MODULES = YES;
				CLANG_ENABLE_OBJC_ARC = YES;
				CLANG_ENABLE_OBJC_WEAK = YES;
				CLANG_WARN_BLOCK_CAPTURE_AUTORELEASING = YES;
				CLANG_WARN_BOOL_CONVERSION = YES;
				CLANG_WARN_COMMA = YES;
				CLANG_WARN_CONSTANT_CONVERSION = YES;
				CLANG_WARN_DEPRECATED_OBJC_IMPLEMENTATIONS = YES;
				CLANG_WARN_DIRECT_OBJC_ISA_USAGE = YES_ERROR;
				CLANG_WARN_DOCUMENTATION_COMMENTS = YES;
				CLANG_WARN_EMPTY_BODY = YES;
				CLANG_WARN_ENUM_CONVERSION = YES;
				CLANG_WARN_INFINITE_RECURSION = YES;
				CLANG_WARN_INT_CONVERSION = YES;
				CLANG_WARN_NON_LITERAL_NULL_CONVERSION = YES;
				CLANG_WARN_OBJC_IMPLICIT_RETAIN_SELF = YES;
				CLANG_WARN_OBJC_LITERAL_CONVERSION = YES;
				CLANG_WARN_OBJC_ROOT_CLASS = YES_ERROR;
				CLANG_WARN_QUOTED_INCLUDE_IN_FRAMEWORK_HEADER = YES;
				CLANG_WARN_RANGE_LOOP_ANALYSIS = YES;
				CLANG_WARN_STRICT_PROTOTYPES = YES;
				CLANG_WARN_SUSPICIOUS_MOVE = YES;
				CLANG_WARN_UNGUARDED_AVAILABILITY = YES_AGGRESSIVE;
				CLANG_WARN_UNREACHABLE_CODE = YES;
				CLANG_WARN__DUPLICATE_METHOD_MATCH = YES;
				COPY_PHASE_STRIP = NO;
				DEBUG_INFORMATION_FORMAT = dwarf;
				ENABLE_STRICT_OBJC_MSGSEND = YES;
				ENABLE_TESTABILITY = YES;
				GCC_C_LANGUAGE_STANDARD = gnu11;
				GCC_DYNAMIC_NO_PIC = NO;
				GCC_NO_COMMON_BLOCKS = YES;
				GCC_OPTIMIZATION_LEVEL = 0;
				GCC_PREPROCESSOR_DEFINITIONS = (
					"DEBUG=1",
					"$(inherited)",
				);
				GCC_WARN_64_TO_32_BIT_CONVERSION = YES;
				GCC_WARN_ABOUT_RETURN_TYPE = YES_ERROR;
				GCC_WARN_UNDECLARED_SELECTOR = YES;
				GCC_WARN_UNINITIALIZED_AUTOS = YES_AGGRESSIVE;
				GCC_WARN_UNUSED_FUNCTION = YES;
				GCC_WARN_UNUSED_VARIABLE = YES;
				IPHONEOS_DEPLOYMENT_TARGET = 15.2;
				MTL_ENABLE_DEBUG_INFO = INCLUDE_SOURCE;
				MTL_FAST_MATH = YES;
				ONLY_ACTIVE_ARCH = YES;
				SDKROOT = iphoneos;
				SWIFT_ACTIVE_COMPILATION_CONDITIONS = DEBUG;
				SWIFT_OPTIMIZATION_LEVEL = "-Onone";
			};
			name = Debug;
		};
		F65633BC27D7E2290004EE76 /* Release */ = {
			isa = XCBuildConfiguration;
			buildSettings = {
				ALWAYS_SEARCH_USER_PATHS = NO;
				CLANG_ANALYZER_NONNULL = YES;
				CLANG_ANALYZER_NUMBER_OBJECT_CONVERSION = YES_AGGRESSIVE;
				CLANG_CXX_LANGUAGE_STANDARD = "gnu++17";
				CLANG_CXX_LIBRARY = "libc++";
				CLANG_ENABLE_MODULES = YES;
				CLANG_ENABLE_OBJC_ARC = YES;
				CLANG_ENABLE_OBJC_WEAK = YES;
				CLANG_WARN_BLOCK_CAPTURE_AUTORELEASING = YES;
				CLANG_WARN_BOOL_CONVERSION = YES;
				CLANG_WARN_COMMA = YES;
				CLANG_WARN_CONSTANT_CONVERSION = YES;
				CLANG_WARN_DEPRECATED_OBJC_IMPLEMENTATIONS = YES;
				CLANG_WARN_DIRECT_OBJC_ISA_USAGE = YES_ERROR;
				CLANG_WARN_DOCUMENTATION_COMMENTS = YES;
				CLANG_WARN_EMPTY_BODY = YES;
				CLANG_WARN_ENUM_CONVERSION = YES;
				CLANG_WARN_INFINITE_RECURSION = YES;
				CLANG_WARN_INT_CONVERSION = YES;
				CLANG_WARN_NON_LITERAL_NULL_CONVERSION = YES;
				CLANG_WARN_OBJC_IMPLICIT_RETAIN_SELF = YES;
				CLANG_WARN_OBJC_LITERAL_CONVERSION = YES;
				CLANG_WARN_OBJC_ROOT_CLASS = YES_ERROR;
				CLANG_WARN_QUOTED_INCLUDE_IN_FRAMEWORK_HEADER = YES;
				CLANG_WARN_RANGE_LOOP_ANALYSIS = YES;
				CLANG_WARN_STRICT_PROTOTYPES = YES;
				CLANG_WARN_SUSPICIOUS_MOVE = YES;
				CLANG_WARN_UNGUARDED_AVAILABILITY = YES_AGGRESSIVE;
				CLANG_WARN_UNREACHABLE_CODE = YES;
				CLANG_WARN__DUPLICATE_METHOD_MATCH = YES;
				COPY_PHASE_STRIP = NO;
				DEBUG_INFORMATION_FORMAT = "dwarf-with-dsym";
				ENABLE_NS_ASSERTIONS = NO;
				ENABLE_STRICT_OBJC_MSGSEND = YES;
				GCC_C_LANGUAGE_STANDARD = gnu11;
				GCC_NO_COMMON_BLOCKS = YES;
				GCC_WARN_64_TO_32_BIT_CONVERSION = YES;
				GCC_WARN_ABOUT_RETURN_TYPE = YES_ERROR;
				GCC_WARN_UNDECLARED_SELECTOR = YES;
				GCC_WARN_UNINITIALIZED_AUTOS = YES_AGGRESSIVE;
				GCC_WARN_UNUSED_FUNCTION = YES;
				GCC_WARN_UNUSED_VARIABLE = YES;
				IPHONEOS_DEPLOYMENT_TARGET = 15.2;
				MTL_ENABLE_DEBUG_INFO = NO;
				MTL_FAST_MATH = YES;
				SDKROOT = iphoneos;
				SWIFT_COMPILATION_MODE = wholemodule;
				SWIFT_OPTIMIZATION_LEVEL = "-O";
				VALIDATE_PRODUCT = YES;
			};
			name = Release;
		};
		F65633BE27D7E2290004EE76 /* Debug */ = {
			isa = XCBuildConfiguration;
			buildSettings = {
				ASSETCATALOG_COMPILER_APPICON_NAME = AppIcon;
				ASSETCATALOG_COMPILER_GLOBAL_ACCENT_COLOR_NAME = AccentColor;
				CODE_SIGN_STYLE = Automatic;
				CURRENT_PROJECT_VERSION = 010000001;
				GENERATE_INFOPLIST_FILE = YES;
				INFOPLIST_FILE = UniTestCiceBootcamp2022/Info.plist;
				INFOPLIST_KEY_UIApplicationSupportsIndirectInputEvents = YES;
				INFOPLIST_KEY_UILaunchStoryboardName = LaunchScreen;
				INFOPLIST_KEY_UISupportedInterfaceOrientations_iPad = "UIInterfaceOrientationPortrait UIInterfaceOrientationPortraitUpsideDown UIInterfaceOrientationLandscapeLeft UIInterfaceOrientationLandscapeRight";
				INFOPLIST_KEY_UISupportedInterfaceOrientations_iPhone = "UIInterfaceOrientationPortrait UIInterfaceOrientationLandscapeLeft UIInterfaceOrientationLandscapeRight";
				LD_RUNPATH_SEARCH_PATHS = (
					"$(inherited)",
					"@executable_path/Frameworks",
				);
				MARKETING_VERSION = 1.00.00;
				PRODUCT_BUNDLE_IDENTIFIER = com.edu.technology.UniTestCiceBootcamp2022;
				PRODUCT_NAME = "$(TARGET_NAME)";
				SWIFT_EMIT_LOC_STRINGS = YES;
				SWIFT_VERSION = 5.0;
				TARGETED_DEVICE_FAMILY = 1;
			};
			name = Debug;
		};
		F65633BF27D7E2290004EE76 /* Release */ = {
			isa = XCBuildConfiguration;
			buildSettings = {
				ASSETCATALOG_COMPILER_APPICON_NAME = AppIcon;
				ASSETCATALOG_COMPILER_GLOBAL_ACCENT_COLOR_NAME = AccentColor;
				CODE_SIGN_STYLE = Automatic;
				CURRENT_PROJECT_VERSION = 010000001;
				GENERATE_INFOPLIST_FILE = YES;
				INFOPLIST_FILE = UniTestCiceBootcamp2022/Info.plist;
				INFOPLIST_KEY_UIApplicationSupportsIndirectInputEvents = YES;
				INFOPLIST_KEY_UILaunchStoryboardName = LaunchScreen;
				INFOPLIST_KEY_UISupportedInterfaceOrientations_iPad = "UIInterfaceOrientationPortrait UIInterfaceOrientationPortraitUpsideDown UIInterfaceOrientationLandscapeLeft UIInterfaceOrientationLandscapeRight";
				INFOPLIST_KEY_UISupportedInterfaceOrientations_iPhone = "UIInterfaceOrientationPortrait UIInterfaceOrientationLandscapeLeft UIInterfaceOrientationLandscapeRight";
				LD_RUNPATH_SEARCH_PATHS = (
					"$(inherited)",
					"@executable_path/Frameworks",
				);
				MARKETING_VERSION = 1.00.00;
				PRODUCT_BUNDLE_IDENTIFIER = com.edu.technology.UniTestCiceBootcamp2022;
				PRODUCT_NAME = "$(TARGET_NAME)";
				SWIFT_EMIT_LOC_STRINGS = YES;
				SWIFT_VERSION = 5.0;
				TARGETED_DEVICE_FAMILY = 1;
			};
			name = Release;
		};
		F65633D727D7ECC90004EE76 /* Debug */ = {
			isa = XCBuildConfiguration;
			buildSettings = {
				BUNDLE_LOADER = "$(TEST_HOST)";
				CODE_SIGN_STYLE = Automatic;
				CURRENT_PROJECT_VERSION = 1;
				GENERATE_INFOPLIST_FILE = YES;
				MARKETING_VERSION = 1.0;
				PRODUCT_BUNDLE_IDENTIFIER = com.edu.technology.UniTestCiceBootcamp2022Tests;
				PRODUCT_NAME = "$(TARGET_NAME)";
				SWIFT_EMIT_LOC_STRINGS = NO;
				SWIFT_VERSION = 5.0;
				TARGETED_DEVICE_FAMILY = "1,2";
				TEST_HOST = "$(BUILT_PRODUCTS_DIR)/UniTestCiceBootcamp2022.app/UniTestCiceBootcamp2022";
			};
			name = Debug;
		};
		F65633D827D7ECC90004EE76 /* Release */ = {
			isa = XCBuildConfiguration;
			buildSettings = {
				BUNDLE_LOADER = "$(TEST_HOST)";
				CODE_SIGN_STYLE = Automatic;
				CURRENT_PROJECT_VERSION = 1;
				GENERATE_INFOPLIST_FILE = YES;
				MARKETING_VERSION = 1.0;
				PRODUCT_BUNDLE_IDENTIFIER = com.edu.technology.UniTestCiceBootcamp2022Tests;
				PRODUCT_NAME = "$(TARGET_NAME)";
				SWIFT_EMIT_LOC_STRINGS = NO;
				SWIFT_VERSION = 5.0;
				TARGETED_DEVICE_FAMILY = "1,2";
				TEST_HOST = "$(BUILT_PRODUCTS_DIR)/UniTestCiceBootcamp2022.app/UniTestCiceBootcamp2022";
			};
			name = Release;
		};
/* End XCBuildConfiguration section */

/* Begin XCConfigurationList section */
		F65633A427D7E2270004EE76 /* Build configuration list for PBXProject "UniTestCiceBootcamp2022" */ = {
			isa = XCConfigurationList;
			buildConfigurations = (
				F65633BB27D7E2290004EE76 /* Debug */,
				F65633BC27D7E2290004EE76 /* Release */,
			);
			defaultConfigurationIsVisible = 0;
			defaultConfigurationName = Release;
		};
		F65633BD27D7E2290004EE76 /* Build configuration list for PBXNativeTarget "UniTestCiceBootcamp2022" */ = {
			isa = XCConfigurationList;
			buildConfigurations = (
				F65633BE27D7E2290004EE76 /* Debug */,
				F65633BF27D7E2290004EE76 /* Release */,
			);
			defaultConfigurationIsVisible = 0;
			defaultConfigurationName = Release;
		};
		F65633D627D7ECC90004EE76 /* Build configuration list for PBXNativeTarget "UniTestCiceBootcamp2022Tests" */ = {
			isa = XCConfigurationList;
			buildConfigurations = (
				F65633D727D7ECC90004EE76 /* Debug */,
				F65633D827D7ECC90004EE76 /* Release */,
			);
			defaultConfigurationIsVisible = 0;
			defaultConfigurationName = Release;
		};
/* End XCConfigurationList section */
	};
	rootObject = F65633A127D7E2270004EE76 /* Project object */;
}
